
Microsoft Visual Studio Solution File, Format Version 12.00
# Visual Studio Version 16
VisualStudioVersion = 16.0.30320.27
MinimumVisualStudioVersion = 10.0.40219.1
Project("{2150E333-8FDC-42A3-9474-1A3956D46DE8}") = "Solution Items", "Solution Items", "{03D9F07D-C505-4DC4-BBB0-19C2BDE87DB7}"
	ProjectSection(SolutionItems) = preProject
		..\.github\workflows\blauhaus.yml = ..\.github\workflows\blauhaus.yml
	EndProjectSection
EndProject
Project("{9A19103F-16F7-4668-BE54-9A1E7A4F7556}") = "Blauhaus.Reactive", "Blauhaus.Reactive\Blauhaus.Reactive.csproj", "{7EE1B80A-2CD1-482F-AAB5-01A3BF86CEC0}"
EndProject
Project("{9A19103F-16F7-4668-BE54-9A1E7A4F7556}") = "Blauhaus.Reactive.TestHelpers", "Blauhaus.Reactive.TestHelpers\Blauhaus.Reactive.TestHelpers.csproj", "{3BB88D97-EBEB-4F2C-9612-A5D911E05352}"
EndProject
Project("{9A19103F-16F7-4668-BE54-9A1E7A4F7556}") = "Blauhaus.Reactive.Abstractions", "Blauhaus.Reactive.Abstractions\Blauhaus.Reactive.Abstractions.csproj", "{34FA2782-BBB3-4ABF-871C-357EC1D663F8}"
EndProject
Project("{9A19103F-16F7-4668-BE54-9A1E7A4F7556}") = "Blauhaus.Reactive.Tests", "Blauhaus.Reactive.Tests\Blauhaus.Reactive.Tests.csproj", "{A17B90D3-5AA6-42E2-BC7F-184529E024E3}"
EndProject
Global
	GlobalSection(SolutionConfigurationPlatforms) = preSolution
		Debug|Any CPU = Debug|Any CPU
		Release|Any CPU = Release|Any CPU
	EndGlobalSection
	GlobalSection(ProjectConfigurationPlatforms) = postSolution
		{7EE1B80A-2CD1-482F-AAB5-01A3BF86CEC0}.Debug|Any CPU.ActiveCfg = Debug|Any CPU
		{7EE1B80A-2CD1-482F-AAB5-01A3BF86CEC0}.Debug|Any CPU.Build.0 = Debug|Any CPU
		{7EE1B80A-2CD1-482F-AAB5-01A3BF86CEC0}.Release|Any CPU.ActiveCfg = Release|Any CPU
		{7EE1B80A-2CD1-482F-AAB5-01A3BF86CEC0}.Release|Any CPU.Build.0 = Release|Any CPU
		{3BB88D97-EBEB-4F2C-9612-A5D911E05352}.Debug|Any CPU.ActiveCfg = Debug|Any CPU
		{3BB88D97-EBEB-4F2C-9612-A5D911E05352}.Debug|Any CPU.Build.0 = Debug|Any CPU
		{3BB88D97-EBEB-4F2C-9612-A5D911E05352}.Release|Any CPU.ActiveCfg = Release|Any CPU
		{3BB88D97-EBEB-4F2C-9612-A5D911E05352}.Release|Any CPU.Build.0 = Release|Any CPU
		{34FA2782-BBB3-4ABF-871C-357EC1D663F8}.Debug|Any CPU.ActiveCfg = Debug|Any CPU
		{34FA2782-BBB3-4ABF-871C-357EC1D663F8}.Debug|Any CPU.Build.0 = Debug|Any CPU
		{34FA2782-BBB3-4ABF-871C-357EC1D663F8}.Release|Any CPU.ActiveCfg = Release|Any CPU
		{34FA2782-BBB3-4ABF-871C-357EC1D663F8}.Release|Any CPU.Build.0 = Release|Any CPU
		{A17B90D3-5AA6-42E2-BC7F-184529E024E3}.Debug|Any CPU.ActiveCfg = Debug|Any CPU
		{A17B90D3-5AA6-42E2-BC7F-184529E024E3}.Debug|Any CPU.Build.0 = Debug|Any CPU
		{A17B90D3-5AA6-42E2-BC7F-184529E024E3}.Release|Any CPU.ActiveCfg = Release|Any CPU
		{A17B90D3-5AA6-42E2-BC7F-184529E024E3}.Release|Any CPU.Build.0 = Release|Any CPU
	EndGlobalSection
	GlobalSection(SolutionProperties) = preSolution
		HideSolutionNode = FALSE
	EndGlobalSection
	GlobalSection(ExtensibilityGlobals) = postSolution
		SolutionGuid = {ED4878C9-89EA-4239-836C-80736C32A7E9}
	EndGlobalSection
EndGlobal
